
Microsoft Visual Studio Solution File, Format Version 12.00
# Visual Studio Version 17
VisualStudioVersion = 17.4.33213.308
MinimumVisualStudioVersion = 10.0.40219.1
Project("{D954291E-2A0B-460D-934E-DC6B0785DB48}") = "UIUtility", "src\UIUtility\UIUtility.shproj", "{E6EF7A17-9328-4821-AF19-BC2C175BF4DD}"
EndProject
Project("{D954291E-2A0B-460D-934E-DC6B0785DB48}") = "Shared", "src\Shared\Shared.shproj", "{841FFFF7-1940-4B7B-B21F-83E2F16333D4}"
EndProject
Project("{D954291E-2A0B-460D-934E-DC6B0785DB48}") = "Shared.TextureContainer", "src\Shared.TextureContainer\Shared.TextureContainer.shproj", "{BEB828AE-5723-4086-940F-B6EB2465060C}"
EndProject
Project("{2150E333-8FDC-42A3-9474-1A3956D46DE8}") = "0Solution Items", "0Solution Items", "{ABF81409-9E50-48BE-B11F-8D97CCE183BE}"
	ProjectSection(SolutionItems) = preProject
		README.md = README.md
	EndProjectSection
EndProject
Project("{FAE04EC0-301F-11D3-BF4B-00C04F79EFBC}") = "KK.KKPRimController", "src\KKPRimController.KK\KK.KKPRimController.csproj", "{73CED555-9406-453D-98F5-39BA332647A7}"
EndProject
Project("{2150E333-8FDC-42A3-9474-1A3956D46DE8}") = "KKPRimController", "KKPRimController", "{1A1369F1-0B7E-4ED6-B938-4714A42A1866}"
EndProject
Project("{FAE04EC0-301F-11D3-BF4B-00C04F79EFBC}") = "KKS.KKPRimController", "src\KKPRimController.KKS\KKS.KKPRimController.csproj", "{FF395052-C2B4-4555-B335-5C71A7CDE58D}"
EndProject
Project("{D954291E-2A0B-460D-934E-DC6B0785DB48}") = "Core.KKPRimController", "src\KKPRimController.Core\Core.KKPRimController.shproj", "{B98974D5-D331-4E2E-9498-A54DD706C4F2}"
EndProject
Project("{D954291E-2A0B-460D-934E-DC6B0785DB48}") = "Core.ShadowColorSwapper", "src\ShadowColorSwapper.Core\Core.ShadowColorSwapper.shproj", "{6D48F885-1D97-4E2A-B3C2-47AB5F8806CD}"
EndProject
Project("{FAE04EC0-301F-11D3-BF4B-00C04F79EFBC}") = "KK.ShadowColorSwapper", "src\ShadowColorSwapper.KK\KK.ShadowColorSwapper.csproj", "{FA9B57E6-576D-4971-9147-1032D0150B0F}"
EndProject
Project("{FAE04EC0-301F-11D3-BF4B-00C04F79EFBC}") = "KKS.ShadowColorSwapper", "src\ShadowColorSwapper.KKS\KKS.ShadowColorSwapper.csproj", "{9588E76A-723E-47BE-8250-25E1E206634D}"
EndProject
Project("{2150E333-8FDC-42A3-9474-1A3956D46DE8}") = "ShadowColorSwapper", "ShadowColorSwapper", "{5266C2B0-0828-4FDC-8149-E700E8473A65}"
EndProject
Project("{2150E333-8FDC-42A3-9474-1A3956D46DE8}") = "PostProcessingEffectsV3", "PostProcessingEffectsV3", "{415FAC7C-8271-4887-A7BB-2F181E913818}"
EndProject
Project("{D954291E-2A0B-460D-934E-DC6B0785DB48}") = "Core.PostProcessingEffect", "src\PostProcessingEffect.Core\Core.PostProcessingEffect.shproj", "{B46DBB11-BBB6-4152-B5B4-AEA6B69F2AD7}"
EndProject
Project("{FAE04EC0-301F-11D3-BF4B-00C04F79EFBC}") = "KK.PostProcessingEffect", "src\PostProcessingEffect.KK\KK.PostProcessingEffect.csproj", "{079DF383-C1E8-4D30-95AC-6C0892DDC2F5}"
EndProject
Project("{9A19103F-16F7-4668-BE54-9A1E7A4F7556}") = "KKS.PostProcessingEffect", "src\PostProcessingEffect.KKS\KKS.PostProcessingEffect.csproj", "{731F6724-3E02-470C-AA72-0EDF196BB0BC}"
EndProject
Project("{2150E333-8FDC-42A3-9474-1A3956D46DE8}") = "SaveCameraObjectFov", "SaveCameraObjectFov", "{890CB8D8-D336-4038-9511-FAA81BCDAF50}"
EndProject
Project("{D954291E-2A0B-460D-934E-DC6B0785DB48}") = "SaveCameraObjectFov.Core", "src\SaveCameraObjectFov.Core\SaveCameraObjectFov.Core.shproj", "{DAF47FDD-DF83-4A52-B198-0D097840D65F}"
EndProject
Project("{FAE04EC0-301F-11D3-BF4B-00C04F79EFBC}") = "SaveCameraObjectFov.KKS", "src\SaveCameraObjectFov.KKS\SaveCameraObjectFov.KKS.csproj", "{D14138E1-6593-4B53-872A-A1B3B6FD2B2B}"
EndProject
Global
	GlobalSection(SolutionConfigurationPlatforms) = preSolution
		Debug|Any CPU = Debug|Any CPU
		Release|Any CPU = Release|Any CPU
	EndGlobalSection
	GlobalSection(ProjectConfigurationPlatforms) = postSolution
		{E6EF7A17-9328-4821-AF19-BC2C175BF4DD}.Debug|Any CPU.ActiveCfg = Debug|Any CPU
		{E6EF7A17-9328-4821-AF19-BC2C175BF4DD}.Release|Any CPU.ActiveCfg = Release|Any CPU
		{841FFFF7-1940-4B7B-B21F-83E2F16333D4}.Debug|Any CPU.ActiveCfg = Debug|Any CPU
		{841FFFF7-1940-4B7B-B21F-83E2F16333D4}.Release|Any CPU.ActiveCfg = Release|Any CPU
		{BEB828AE-5723-4086-940F-B6EB2465060C}.Debug|Any CPU.ActiveCfg = Debug|Any CPU
		{BEB828AE-5723-4086-940F-B6EB2465060C}.Release|Any CPU.ActiveCfg = Release|Any CPU
		{73CED555-9406-453D-98F5-39BA332647A7}.Debug|Any CPU.ActiveCfg = Debug|Any CPU
		{73CED555-9406-453D-98F5-39BA332647A7}.Debug|Any CPU.Build.0 = Debug|Any CPU
		{73CED555-9406-453D-98F5-39BA332647A7}.Release|Any CPU.ActiveCfg = Release|Any CPU
		{73CED555-9406-453D-98F5-39BA332647A7}.Release|Any CPU.Build.0 = Release|Any CPU
		{FF395052-C2B4-4555-B335-5C71A7CDE58D}.Debug|Any CPU.ActiveCfg = Debug|Any CPU
		{FF395052-C2B4-4555-B335-5C71A7CDE58D}.Debug|Any CPU.Build.0 = Debug|Any CPU
		{FF395052-C2B4-4555-B335-5C71A7CDE58D}.Release|Any CPU.ActiveCfg = Release|Any CPU
		{FF395052-C2B4-4555-B335-5C71A7CDE58D}.Release|Any CPU.Build.0 = Release|Any CPU
		{B98974D5-D331-4E2E-9498-A54DD706C4F2}.Debug|Any CPU.ActiveCfg = Debug|Any CPU
		{B98974D5-D331-4E2E-9498-A54DD706C4F2}.Release|Any CPU.ActiveCfg = Release|Any CPU
		{FA9B57E6-576D-4971-9147-1032D0150B0F}.Debug|Any CPU.ActiveCfg = Debug|Any CPU
		{FA9B57E6-576D-4971-9147-1032D0150B0F}.Debug|Any CPU.Build.0 = Debug|Any CPU
		{FA9B57E6-576D-4971-9147-1032D0150B0F}.Release|Any CPU.ActiveCfg = Release|Any CPU
		{FA9B57E6-576D-4971-9147-1032D0150B0F}.Release|Any CPU.Build.0 = Release|Any CPU
		{9588E76A-723E-47BE-8250-25E1E206634D}.Debug|Any CPU.ActiveCfg = Debug|Any CPU
		{9588E76A-723E-47BE-8250-25E1E206634D}.Debug|Any CPU.Build.0 = Debug|Any CPU
		{9588E76A-723E-47BE-8250-25E1E206634D}.Release|Any CPU.ActiveCfg = Release|Any CPU
		{9588E76A-723E-47BE-8250-25E1E206634D}.Release|Any CPU.Build.0 = Release|Any CPU
		{B46DBB11-BBB6-4152-B5B4-AEA6B69F2AD7}.Debug|Any CPU.ActiveCfg = Debug|Any CPU
		{B46DBB11-BBB6-4152-B5B4-AEA6B69F2AD7}.Release|Any CPU.ActiveCfg = Release|Any CPU
		{079DF383-C1E8-4D30-95AC-6C0892DDC2F5}.Debug|Any CPU.ActiveCfg = Debug|Any CPU
		{079DF383-C1E8-4D30-95AC-6C0892DDC2F5}.Debug|Any CPU.Build.0 = Debug|Any CPU
		{079DF383-C1E8-4D30-95AC-6C0892DDC2F5}.Release|Any CPU.ActiveCfg = Release|Any CPU
		{079DF383-C1E8-4D30-95AC-6C0892DDC2F5}.Release|Any CPU.Build.0 = Release|Any CPU
		{731F6724-3E02-470C-AA72-0EDF196BB0BC}.Debug|Any CPU.ActiveCfg = Debug|Any CPU
		{731F6724-3E02-470C-AA72-0EDF196BB0BC}.Debug|Any CPU.Build.0 = Debug|Any CPU
		{731F6724-3E02-470C-AA72-0EDF196BB0BC}.Release|Any CPU.ActiveCfg = Release|Any CPU
		{731F6724-3E02-470C-AA72-0EDF196BB0BC}.Release|Any CPU.Build.0 = Release|Any CPU
		{D14138E1-6593-4B53-872A-A1B3B6FD2B2B}.Debug|Any CPU.ActiveCfg = Debug|Any CPU
		{D14138E1-6593-4B53-872A-A1B3B6FD2B2B}.Debug|Any CPU.Build.0 = Debug|Any CPU
		{D14138E1-6593-4B53-872A-A1B3B6FD2B2B}.Release|Any CPU.ActiveCfg = Release|Any CPU
		{D14138E1-6593-4B53-872A-A1B3B6FD2B2B}.Release|Any CPU.Build.0 = Release|Any CPU
	EndGlobalSection
	GlobalSection(SolutionProperties) = preSolution
		HideSolutionNode = FALSE
	EndGlobalSection
	GlobalSection(NestedProjects) = preSolution
		{73CED555-9406-453D-98F5-39BA332647A7} = {1A1369F1-0B7E-4ED6-B938-4714A42A1866}
		{FF395052-C2B4-4555-B335-5C71A7CDE58D} = {1A1369F1-0B7E-4ED6-B938-4714A42A1866}
		{B98974D5-D331-4E2E-9498-A54DD706C4F2} = {1A1369F1-0B7E-4ED6-B938-4714A42A1866}
		{6D48F885-1D97-4E2A-B3C2-47AB5F8806CD} = {5266C2B0-0828-4FDC-8149-E700E8473A65}
		{FA9B57E6-576D-4971-9147-1032D0150B0F} = {5266C2B0-0828-4FDC-8149-E700E8473A65}
		{9588E76A-723E-47BE-8250-25E1E206634D} = {5266C2B0-0828-4FDC-8149-E700E8473A65}
		{B46DBB11-BBB6-4152-B5B4-AEA6B69F2AD7} = {415FAC7C-8271-4887-A7BB-2F181E913818}
		{079DF383-C1E8-4D30-95AC-6C0892DDC2F5} = {415FAC7C-8271-4887-A7BB-2F181E913818}
		{731F6724-3E02-470C-AA72-0EDF196BB0BC} = {415FAC7C-8271-4887-A7BB-2F181E913818}
		{DAF47FDD-DF83-4A52-B198-0D097840D65F} = {890CB8D8-D336-4038-9511-FAA81BCDAF50}
		{D14138E1-6593-4B53-872A-A1B3B6FD2B2B} = {890CB8D8-D336-4038-9511-FAA81BCDAF50}
	EndGlobalSection
	GlobalSection(ExtensibilityGlobals) = postSolution
		SolutionGuid = {D0F79985-4CB7-46CB-BEC2-FF89C476ED20}
	EndGlobalSection
	GlobalSection(SharedMSBuildProjectFiles) = preSolution
		src\PostProcessingEffect.Core\Core.PostProcessingEffect.projitems*{079df383-c1e8-4d30-95ac-6c0892ddc2f5}*SharedItemsImports = 4
		src\ShadowColorSwapper.Core\ShadowColorSwapper.Core.projitems*{6d48f885-1d97-4e2a-b3c2-47ab5f8806cd}*SharedItemsImports = 13
		src\PostProcessingEffect.Core\Core.PostProcessingEffect.projitems*{731f6724-3e02-470c-aa72-0edf196bb0bc}*SharedItemsImports = 5
		src\KKPRimController.Core\KKPRimController.Core.projitems*{73ced555-9406-453d-98f5-39ba332647a7}*SharedItemsImports = 4
		src\Shared\Shared.projitems*{73ced555-9406-453d-98f5-39ba332647a7}*SharedItemsImports = 4
		src\Shared\Shared.projitems*{841ffff7-1940-4b7b-b21f-83e2f16333d4}*SharedItemsImports = 13
		src\ShadowColorSwapper.Core\ShadowColorSwapper.Core.projitems*{9588e76a-723e-47be-8250-25e1e206634d}*SharedItemsImports = 4
		src\Shared\Shared.projitems*{9588e76a-723e-47be-8250-25e1e206634d}*SharedItemsImports = 4
		src\PostProcessingEffect.Core\Core.PostProcessingEffect.projitems*{b46dbb11-bbb6-4152-b5b4-aea6b69f2ad7}*SharedItemsImports = 13
		src\KKPRimController.Core\KKPRimController.Core.projitems*{b98974d5-d331-4e2e-9498-a54dd706c4f2}*SharedItemsImports = 13
		src\Shared.TextureContainer\Shared.TextureContainer.projitems*{beb828ae-5723-4086-940f-b6eb2465060c}*SharedItemsImports = 13
		src\SaveCameraObjectFov.Core\SaveCameraObjectFov.Core.projitems*{d14138e1-6593-4b53-872a-a1b3b6fd2b2b}*SharedItemsImports = 4
		src\Shared\Shared.projitems*{d14138e1-6593-4b53-872a-a1b3b6fd2b2b}*SharedItemsImports = 4
		src\SaveCameraObjectFov.Core\SaveCameraObjectFov.Core.projitems*{daf47fdd-df83-4a52-b198-0d097840d65f}*SharedItemsImports = 13
		src\UIUtility\UIUtility.projitems*{e6ef7a17-9328-4821-af19-bc2c175bf4dd}*SharedItemsImports = 13
		src\ShadowColorSwapper.Core\ShadowColorSwapper.Core.projitems*{fa9b57e6-576d-4971-9147-1032d0150b0f}*SharedItemsImports = 4
		src\Shared\Shared.projitems*{fa9b57e6-576d-4971-9147-1032d0150b0f}*SharedItemsImports = 4
		src\KKPRimController.Core\KKPRimController.Core.projitems*{ff395052-c2b4-4555-b335-5c71a7cde58d}*SharedItemsImports = 4
		src\Shared\Shared.projitems*{ff395052-c2b4-4555-b335-5c71a7cde58d}*SharedItemsImports = 4
	EndGlobalSection
EndGlobal
