
Microsoft Visual Studio Solution File, Format Version 12.00
# Visual Studio Version 17
VisualStudioVersion = 17.4.33213.308
MinimumVisualStudioVersion = 10.0.40219.1
Project("{D954291E-2A0B-460D-934E-DC6B0785DB48}") = "Shared", "src\Shared\Shared.shproj", "{841FFFF7-1940-4B7B-B21F-83E2F16333D4}"
EndProject
Project("{2150E333-8FDC-42A3-9474-1A3956D46DE8}") = "0Solution Items", "0Solution Items", "{ABF81409-9E50-48BE-B11F-8D97CCE183BE}"
	ProjectSection(SolutionItems) = preProject
		README.md = README.md
	EndProjectSection
EndProject
Project("{FAE04EC0-301F-11D3-BF4B-00C04F79EFBC}") = "KK.KKPRimController", "src\KKPRimController.KK\KK.KKPRimController.csproj", "{73CED555-9406-453D-98F5-39BA332647A7}"
EndProject
Project("{2150E333-8FDC-42A3-9474-1A3956D46DE8}") = "KKPRimController", "KKPRimController", "{1A1369F1-0B7E-4ED6-B938-4714A42A1866}"
EndProject
Project("{FAE04EC0-301F-11D3-BF4B-00C04F79EFBC}") = "KKS.KKPRimController", "src\KKPRimController.KKS\KKS.KKPRimController.csproj", "{FF395052-C2B4-4555-B335-5C71A7CDE58D}"
EndProject
Project("{D954291E-2A0B-460D-934E-DC6B0785DB48}") = "Core.KKPRimController", "src\KKPRimController.Core\Core.KKPRimController.shproj", "{B98974D5-D331-4E2E-9498-A54DD706C4F2}"
EndProject
Project("{D954291E-2A0B-460D-934E-DC6B0785DB48}") = "Core.ShadowColorSwapper", "src\ShadowColorSwapper.Core\Core.ShadowColorSwapper.shproj", "{6D48F885-1D97-4E2A-B3C2-47AB5F8806CD}"
EndProject
Project("{2150E333-8FDC-42A3-9474-1A3956D46DE8}") = "ShadowColorSwapper", "ShadowColorSwapper", "{5266C2B0-0828-4FDC-8149-E700E8473A65}"
EndProject
Project("{2150E333-8FDC-42A3-9474-1A3956D46DE8}") = "PostProcessingEffectsV3", "PostProcessingEffectsV3", "{415FAC7C-8271-4887-A7BB-2F181E913818}"
EndProject
Project("{D954291E-2A0B-460D-934E-DC6B0785DB48}") = "Core.PostProcessingEffect", "src\PostProcessingEffect.Core\Core.PostProcessingEffect.shproj", "{B46DBB11-BBB6-4152-B5B4-AEA6B69F2AD7}"
EndProject
Project("{FAE04EC0-301F-11D3-BF4B-00C04F79EFBC}") = "KK.PostProcessingEffect", "src\PostProcessingEffect.KK\KK.PostProcessingEffect.csproj", "{079DF383-C1E8-4D30-95AC-6C0892DDC2F5}"
EndProject
Project("{9A19103F-16F7-4668-BE54-9A1E7A4F7556}") = "KKS.PostProcessingEffect", "src\PostProcessingEffect.KKS\KKS.PostProcessingEffect.csproj", "{731F6724-3E02-470C-AA72-0EDF196BB0BC}"
EndProject
Project("{2150E333-8FDC-42A3-9474-1A3956D46DE8}") = "SaveCameraObjectFov", "SaveCameraObjectFov", "{890CB8D8-D336-4038-9511-FAA81BCDAF50}"
EndProject
Project("{D954291E-2A0B-460D-934E-DC6B0785DB48}") = "SaveCameraObjectFov.Core", "src\SaveCameraObjectFov.Core\SaveCameraObjectFov.Core.shproj", "{DAF47FDD-DF83-4A52-B198-0D097840D65F}"
EndProject
Project("{FAE04EC0-301F-11D3-BF4B-00C04F79EFBC}") = "SaveCameraObjectFov.KKS", "src\SaveCameraObjectFov.KKS\SaveCameraObjectFov.KKS.csproj", "{D14138E1-6593-4B53-872A-A1B3B6FD2B2B}"
EndProject
Project("{FAE04EC0-301F-11D3-BF4B-00C04F79EFBC}") = "SaveCameraObjectFov.KK", "src\SaveCameraObjectFov.KK\SaveCameraObjectFov.KK.csproj", "{F113381A-AA2C-4AA9-8EE3-A7A01255A642}"
EndProject
Project("{FAE04EC0-301F-11D3-BF4B-00C04F79EFBC}") = "KK.ShadowColorSwapper", "src\ShadowColorSwapper.KK\KK.ShadowColorSwapper.csproj", "{FA9B57E6-576D-4971-9147-1032D0150B0F}"
EndProject
Project("{FAE04EC0-301F-11D3-BF4B-00C04F79EFBC}") = "KKS.ShadowColorSwapper", "src\ShadowColorSwapper.KKS\KKS.ShadowColorSwapper.csproj", "{9588E76A-723E-47BE-8250-25E1E206634D}"
EndProject
Project("{2150E333-8FDC-42A3-9474-1A3956D46DE8}") = "StudioPseudoMaker", "StudioPseudoMaker", "{46C251DF-D506-47F9-8C56-E3B9FA56C116}"
EndProject
Project("{FAE04EC0-301F-11D3-BF4B-00C04F79EFBC}") = "KK.StudioPseudoMaker", "src\StudioPseudoMaker.KK\KK.StudioPseudoMaker.csproj", "{E2151100-2A2D-497F-A4EA-0D938FE630E0}"
EndProject
Project("{FAE04EC0-301F-11D3-BF4B-00C04F79EFBC}") = "KKS.StudioPseudoMaker", "src\StudioPseudoMaker.KKS\KKS.StudioPseudoMaker.csproj", "{494E4E72-DC3A-4691-93B9-3245A6825B0A}"
EndProject
Project("{D954291E-2A0B-460D-934E-DC6B0785DB48}") = "Core.StudioPseudoMaker", "src\StudioPseudoMaker.Core\Core.StudioPseudoMaker.shproj", "{15089A5B-2887-47AA-B444-52F2E5987D37}"
EndProject
Project("{2150E333-8FDC-42A3-9474-1A3956D46DE8}") = "ProjectorUtils", "ProjectorUtils", "{B1EFB045-CBFC-4C0E-920E-40BD2E8DA314}"
EndProject
Project("{D954291E-2A0B-460D-934E-DC6B0785DB48}") = "ProjectorUtils.Core", "src\ProjectorUtils.Core\ProjectorUtils.Core.shproj", "{B3DF7E28-B2C1-41C7-8844-EC6B194BCA08}"
EndProject
Project("{FAE04EC0-301F-11D3-BF4B-00C04F79EFBC}") = "ProjectorUtils.KKS", "src\ProjectorUtils.KKS\ProjectorUtils.KKS.csproj", "{28D5DF02-59BC-4572-B345-A19E81B57DBB}"
EndProject
Project("{FAE04EC0-301F-11D3-BF4B-00C04F79EFBC}") = "ProjectorUtils.KK", "src\ProjectorUtils.KK\ProjectorUtils.KK.csproj", "{7BB5565F-7EB2-45A7-AC8F-9DAD225BC666}"
EndProject
Project("{FAE04EC0-301F-11D3-BF4B-00C04F79EFBC}") = "ProjectorUtils.HS2", "src\ProjectorUtils.HS2\ProjectorUtils.HS2.csproj", "{85DA0CD3-5F18-4BBA-9427-A68DB6AC958E}"
EndProject
Project("{FAE04EC0-301F-11D3-BF4B-00C04F79EFBC}") = "ProjectorUtils.AI", "src\ProjectorUtils.AI\ProjectorUtils.AI.csproj", "{5EACF7AC-4989-4BDE-AB51-D3822F9A4CED}"
EndProject
Project("{2150E333-8FDC-42A3-9474-1A3956D46DE8}") = "StudioVoiceControl", "StudioVoiceControl", "{1F398214-22AF-401E-A502-019B8E15D955}"
EndProject
Project("{D954291E-2A0B-460D-934E-DC6B0785DB48}") = "Core.StudioVoiceControl", "src\StudioVoiceControl.Core\Core.StudioVoiceControl\Core.StudioVoiceControl.shproj", "{5C4142C8-54F4-471A-98E9-0F44E0C5F37F}"
EndProject
Project("{FAE04EC0-301F-11D3-BF4B-00C04F79EFBC}") = "KKS.StudioVoiceControl", "src\StudioVoiceControl.KKS\KKS.StudioVoiceControl.csproj", "{1E399EAF-E2B1-4C3B-A609-F7CC1A9AAEC5}"
EndProject
Project("{FAE04EC0-301F-11D3-BF4B-00C04F79EFBC}") = "KK.StudioVoiceControl", "src\StudioVoiceControl.KK\KK.StudioVoiceControl.csproj", "{67EB6BBB-D986-4784-9149-DF5CC4F83F36}"
EndProject
Project("{2150E333-8FDC-42A3-9474-1A3956D46DE8}") = "ButtPhysicsEditor", "ButtPhysicsEditor", "{5802E771-0C58-4984-938D-17DE3E473974}"
EndProject
Project("{D954291E-2A0B-460D-934E-DC6B0785DB48}") = "ButtPhysicsEditor.Core", "src\ButtPhysicsEditor.Core\ButtPhysicsEditor.Core.shproj", "{AD6A6B95-0E79-4F71-B509-765FF55FB046}"
EndProject
Project("{FAE04EC0-301F-11D3-BF4B-00C04F79EFBC}") = "ButtPhysicsEditor.KKS", "src\ButtPhysicsEditor.KKS\ButtPhysicsEditor.KKS.csproj", "{2126D895-E8F5-4ADC-B34F-48534B7C2DC6}"
EndProject
Project("{FAE04EC0-301F-11D3-BF4B-00C04F79EFBC}") = "ButtPhysicsEditor.KK", "src\ButtPhysicsEditor.KK\ButtPhysicsEditor.KK.csproj", "{996FCB01-1589-4D4C-B123-BA04CFA18547}"
EndProject
Global
	GlobalSection(SolutionConfigurationPlatforms) = preSolution
		Debug|Any CPU = Debug|Any CPU
		Release|Any CPU = Release|Any CPU
	EndGlobalSection
	GlobalSection(ProjectConfigurationPlatforms) = postSolution
		{73CED555-9406-453D-98F5-39BA332647A7}.Debug|Any CPU.ActiveCfg = Debug|Any CPU
		{73CED555-9406-453D-98F5-39BA332647A7}.Debug|Any CPU.Build.0 = Debug|Any CPU
		{73CED555-9406-453D-98F5-39BA332647A7}.Release|Any CPU.ActiveCfg = Release|Any CPU
		{73CED555-9406-453D-98F5-39BA332647A7}.Release|Any CPU.Build.0 = Release|Any CPU
		{FF395052-C2B4-4555-B335-5C71A7CDE58D}.Debug|Any CPU.ActiveCfg = Debug|Any CPU
		{FF395052-C2B4-4555-B335-5C71A7CDE58D}.Debug|Any CPU.Build.0 = Debug|Any CPU
		{FF395052-C2B4-4555-B335-5C71A7CDE58D}.Release|Any CPU.ActiveCfg = Release|Any CPU
		{FF395052-C2B4-4555-B335-5C71A7CDE58D}.Release|Any CPU.Build.0 = Release|Any CPU
		{079DF383-C1E8-4D30-95AC-6C0892DDC2F5}.Debug|Any CPU.ActiveCfg = Debug|Any CPU
		{079DF383-C1E8-4D30-95AC-6C0892DDC2F5}.Debug|Any CPU.Build.0 = Debug|Any CPU
		{079DF383-C1E8-4D30-95AC-6C0892DDC2F5}.Release|Any CPU.ActiveCfg = Release|Any CPU
		{079DF383-C1E8-4D30-95AC-6C0892DDC2F5}.Release|Any CPU.Build.0 = Release|Any CPU
		{731F6724-3E02-470C-AA72-0EDF196BB0BC}.Debug|Any CPU.ActiveCfg = Debug|Any CPU
		{731F6724-3E02-470C-AA72-0EDF196BB0BC}.Debug|Any CPU.Build.0 = Debug|Any CPU
		{731F6724-3E02-470C-AA72-0EDF196BB0BC}.Release|Any CPU.ActiveCfg = Release|Any CPU
		{731F6724-3E02-470C-AA72-0EDF196BB0BC}.Release|Any CPU.Build.0 = Release|Any CPU
		{D14138E1-6593-4B53-872A-A1B3B6FD2B2B}.Debug|Any CPU.ActiveCfg = Debug|Any CPU
		{D14138E1-6593-4B53-872A-A1B3B6FD2B2B}.Debug|Any CPU.Build.0 = Debug|Any CPU
		{D14138E1-6593-4B53-872A-A1B3B6FD2B2B}.Release|Any CPU.ActiveCfg = Release|Any CPU
		{D14138E1-6593-4B53-872A-A1B3B6FD2B2B}.Release|Any CPU.Build.0 = Release|Any CPU
		{F113381A-AA2C-4AA9-8EE3-A7A01255A642}.Debug|Any CPU.ActiveCfg = Debug|Any CPU
		{F113381A-AA2C-4AA9-8EE3-A7A01255A642}.Debug|Any CPU.Build.0 = Debug|Any CPU
		{F113381A-AA2C-4AA9-8EE3-A7A01255A642}.Release|Any CPU.ActiveCfg = Release|Any CPU
		{F113381A-AA2C-4AA9-8EE3-A7A01255A642}.Release|Any CPU.Build.0 = Release|Any CPU
		{FA9B57E6-576D-4971-9147-1032D0150B0F}.Debug|Any CPU.ActiveCfg = Debug|Any CPU
		{FA9B57E6-576D-4971-9147-1032D0150B0F}.Debug|Any CPU.Build.0 = Debug|Any CPU
		{FA9B57E6-576D-4971-9147-1032D0150B0F}.Release|Any CPU.ActiveCfg = Release|Any CPU
		{FA9B57E6-576D-4971-9147-1032D0150B0F}.Release|Any CPU.Build.0 = Release|Any CPU
		{9588E76A-723E-47BE-8250-25E1E206634D}.Debug|Any CPU.ActiveCfg = Debug|Any CPU
		{9588E76A-723E-47BE-8250-25E1E206634D}.Debug|Any CPU.Build.0 = Debug|Any CPU
		{9588E76A-723E-47BE-8250-25E1E206634D}.Release|Any CPU.ActiveCfg = Release|Any CPU
		{9588E76A-723E-47BE-8250-25E1E206634D}.Release|Any CPU.Build.0 = Release|Any CPU
		{E2151100-2A2D-497F-A4EA-0D938FE630E0}.Debug|Any CPU.ActiveCfg = Debug|Any CPU
		{E2151100-2A2D-497F-A4EA-0D938FE630E0}.Debug|Any CPU.Build.0 = Debug|Any CPU
		{E2151100-2A2D-497F-A4EA-0D938FE630E0}.Release|Any CPU.ActiveCfg = Release|Any CPU
		{E2151100-2A2D-497F-A4EA-0D938FE630E0}.Release|Any CPU.Build.0 = Release|Any CPU
		{494E4E72-DC3A-4691-93B9-3245A6825B0A}.Debug|Any CPU.ActiveCfg = Debug|Any CPU
		{494E4E72-DC3A-4691-93B9-3245A6825B0A}.Debug|Any CPU.Build.0 = Debug|Any CPU
		{494E4E72-DC3A-4691-93B9-3245A6825B0A}.Release|Any CPU.ActiveCfg = Release|Any CPU
		{494E4E72-DC3A-4691-93B9-3245A6825B0A}.Release|Any CPU.Build.0 = Release|Any CPU
		{28D5DF02-59BC-4572-B345-A19E81B57DBB}.Debug|Any CPU.ActiveCfg = Debug|Any CPU
		{28D5DF02-59BC-4572-B345-A19E81B57DBB}.Debug|Any CPU.Build.0 = Debug|Any CPU
		{28D5DF02-59BC-4572-B345-A19E81B57DBB}.Release|Any CPU.ActiveCfg = Release|Any CPU
		{28D5DF02-59BC-4572-B345-A19E81B57DBB}.Release|Any CPU.Build.0 = Release|Any CPU
		{7BB5565F-7EB2-45A7-AC8F-9DAD225BC666}.Debug|Any CPU.ActiveCfg = Debug|Any CPU
		{7BB5565F-7EB2-45A7-AC8F-9DAD225BC666}.Debug|Any CPU.Build.0 = Debug|Any CPU
		{7BB5565F-7EB2-45A7-AC8F-9DAD225BC666}.Release|Any CPU.ActiveCfg = Release|Any CPU
		{7BB5565F-7EB2-45A7-AC8F-9DAD225BC666}.Release|Any CPU.Build.0 = Release|Any CPU
		{85DA0CD3-5F18-4BBA-9427-A68DB6AC958E}.Debug|Any CPU.ActiveCfg = Debug|Any CPU
		{85DA0CD3-5F18-4BBA-9427-A68DB6AC958E}.Debug|Any CPU.Build.0 = Debug|Any CPU
		{85DA0CD3-5F18-4BBA-9427-A68DB6AC958E}.Release|Any CPU.ActiveCfg = Release|Any CPU
		{85DA0CD3-5F18-4BBA-9427-A68DB6AC958E}.Release|Any CPU.Build.0 = Release|Any CPU
		{5EACF7AC-4989-4BDE-AB51-D3822F9A4CED}.Debug|Any CPU.ActiveCfg = Debug|Any CPU
		{5EACF7AC-4989-4BDE-AB51-D3822F9A4CED}.Debug|Any CPU.Build.0 = Debug|Any CPU
		{5EACF7AC-4989-4BDE-AB51-D3822F9A4CED}.Release|Any CPU.ActiveCfg = Release|Any CPU
		{5EACF7AC-4989-4BDE-AB51-D3822F9A4CED}.Release|Any CPU.Build.0 = Release|Any CPU
		{1E399EAF-E2B1-4C3B-A609-F7CC1A9AAEC5}.Debug|Any CPU.ActiveCfg = Debug|Any CPU
		{1E399EAF-E2B1-4C3B-A609-F7CC1A9AAEC5}.Debug|Any CPU.Build.0 = Debug|Any CPU
		{1E399EAF-E2B1-4C3B-A609-F7CC1A9AAEC5}.Release|Any CPU.ActiveCfg = Release|Any CPU
		{1E399EAF-E2B1-4C3B-A609-F7CC1A9AAEC5}.Release|Any CPU.Build.0 = Release|Any CPU
		{67EB6BBB-D986-4784-9149-DF5CC4F83F36}.Debug|Any CPU.ActiveCfg = Debug|Any CPU
		{67EB6BBB-D986-4784-9149-DF5CC4F83F36}.Debug|Any CPU.Build.0 = Debug|Any CPU
		{67EB6BBB-D986-4784-9149-DF5CC4F83F36}.Release|Any CPU.ActiveCfg = Release|Any CPU
		{67EB6BBB-D986-4784-9149-DF5CC4F83F36}.Release|Any CPU.Build.0 = Release|Any CPU
		{2126D895-E8F5-4ADC-B34F-48534B7C2DC6}.Debug|Any CPU.ActiveCfg = Debug|Any CPU
		{2126D895-E8F5-4ADC-B34F-48534B7C2DC6}.Debug|Any CPU.Build.0 = Debug|Any CPU
		{2126D895-E8F5-4ADC-B34F-48534B7C2DC6}.Release|Any CPU.ActiveCfg = Release|Any CPU
		{2126D895-E8F5-4ADC-B34F-48534B7C2DC6}.Release|Any CPU.Build.0 = Release|Any CPU
		{996FCB01-1589-4D4C-B123-BA04CFA18547}.Debug|Any CPU.ActiveCfg = Debug|Any CPU
		{996FCB01-1589-4D4C-B123-BA04CFA18547}.Debug|Any CPU.Build.0 = Debug|Any CPU
		{996FCB01-1589-4D4C-B123-BA04CFA18547}.Release|Any CPU.ActiveCfg = Release|Any CPU
		{996FCB01-1589-4D4C-B123-BA04CFA18547}.Release|Any CPU.Build.0 = Release|Any CPU
	EndGlobalSection
	GlobalSection(SolutionProperties) = preSolution
		HideSolutionNode = FALSE
	EndGlobalSection
	GlobalSection(NestedProjects) = preSolution
		{73CED555-9406-453D-98F5-39BA332647A7} = {1A1369F1-0B7E-4ED6-B938-4714A42A1866}
		{FF395052-C2B4-4555-B335-5C71A7CDE58D} = {1A1369F1-0B7E-4ED6-B938-4714A42A1866}
		{B98974D5-D331-4E2E-9498-A54DD706C4F2} = {1A1369F1-0B7E-4ED6-B938-4714A42A1866}
		{6D48F885-1D97-4E2A-B3C2-47AB5F8806CD} = {5266C2B0-0828-4FDC-8149-E700E8473A65}
		{B46DBB11-BBB6-4152-B5B4-AEA6B69F2AD7} = {415FAC7C-8271-4887-A7BB-2F181E913818}
		{079DF383-C1E8-4D30-95AC-6C0892DDC2F5} = {415FAC7C-8271-4887-A7BB-2F181E913818}
		{731F6724-3E02-470C-AA72-0EDF196BB0BC} = {415FAC7C-8271-4887-A7BB-2F181E913818}
		{DAF47FDD-DF83-4A52-B198-0D097840D65F} = {890CB8D8-D336-4038-9511-FAA81BCDAF50}
		{D14138E1-6593-4B53-872A-A1B3B6FD2B2B} = {890CB8D8-D336-4038-9511-FAA81BCDAF50}
		{F113381A-AA2C-4AA9-8EE3-A7A01255A642} = {890CB8D8-D336-4038-9511-FAA81BCDAF50}
		{FA9B57E6-576D-4971-9147-1032D0150B0F} = {5266C2B0-0828-4FDC-8149-E700E8473A65}
		{9588E76A-723E-47BE-8250-25E1E206634D} = {5266C2B0-0828-4FDC-8149-E700E8473A65}
		{E2151100-2A2D-497F-A4EA-0D938FE630E0} = {46C251DF-D506-47F9-8C56-E3B9FA56C116}
		{494E4E72-DC3A-4691-93B9-3245A6825B0A} = {46C251DF-D506-47F9-8C56-E3B9FA56C116}
		{15089A5B-2887-47AA-B444-52F2E5987D37} = {46C251DF-D506-47F9-8C56-E3B9FA56C116}
		{B3DF7E28-B2C1-41C7-8844-EC6B194BCA08} = {B1EFB045-CBFC-4C0E-920E-40BD2E8DA314}
		{28D5DF02-59BC-4572-B345-A19E81B57DBB} = {B1EFB045-CBFC-4C0E-920E-40BD2E8DA314}
		{7BB5565F-7EB2-45A7-AC8F-9DAD225BC666} = {B1EFB045-CBFC-4C0E-920E-40BD2E8DA314}
		{85DA0CD3-5F18-4BBA-9427-A68DB6AC958E} = {B1EFB045-CBFC-4C0E-920E-40BD2E8DA314}
		{5EACF7AC-4989-4BDE-AB51-D3822F9A4CED} = {B1EFB045-CBFC-4C0E-920E-40BD2E8DA314}
		{5C4142C8-54F4-471A-98E9-0F44E0C5F37F} = {1F398214-22AF-401E-A502-019B8E15D955}
		{1E399EAF-E2B1-4C3B-A609-F7CC1A9AAEC5} = {1F398214-22AF-401E-A502-019B8E15D955}
		{67EB6BBB-D986-4784-9149-DF5CC4F83F36} = {1F398214-22AF-401E-A502-019B8E15D955}
		{AD6A6B95-0E79-4F71-B509-765FF55FB046} = {5802E771-0C58-4984-938D-17DE3E473974}
		{2126D895-E8F5-4ADC-B34F-48534B7C2DC6} = {5802E771-0C58-4984-938D-17DE3E473974}
		{996FCB01-1589-4D4C-B123-BA04CFA18547} = {5802E771-0C58-4984-938D-17DE3E473974}
	EndGlobalSection
	GlobalSection(ExtensibilityGlobals) = postSolution
		SolutionGuid = {D0F79985-4CB7-46CB-BEC2-FF89C476ED20}
	EndGlobalSection
	GlobalSection(SharedMSBuildProjectFiles) = preSolution
		src\PostProcessingEffect.Core\Core.PostProcessingEffect.projitems*{079df383-c1e8-4d30-95ac-6c0892ddc2f5}*SharedItemsImports = 4
		src\Shared\Shared.projitems*{079df383-c1e8-4d30-95ac-6c0892ddc2f5}*SharedItemsImports = 4
		src\StudioPseudoMaker.Core\Core.StudioPseudoMaker.projitems*{15089a5b-2887-47aa-b444-52f2e5987d37}*SharedItemsImports = 13
		src\Shared\Shared.projitems*{1e399eaf-e2b1-4c3b-a609-f7cc1a9aaec5}*SharedItemsImports = 4
		src\StudioVoiceControl.Core\Core.StudioVoiceControl\Core.StudioVoiceControl.projitems*{1e399eaf-e2b1-4c3b-a609-f7cc1a9aaec5}*SharedItemsImports = 4
		src\ButtPhysicsEditor.Core\ButtPhysicsEditor.Core.projitems*{2126d895-e8f5-4adc-b34f-48534b7c2dc6}*SharedItemsImports = 4
		src\Shared\Shared.projitems*{2126d895-e8f5-4adc-b34f-48534b7c2dc6}*SharedItemsImports = 4
		src\ProjectorUtils.Core\ProjectorUtils.Core.projitems*{28d5df02-59bc-4572-b345-a19e81b57dbb}*SharedItemsImports = 4
		src\Shared\Shared.projitems*{28d5df02-59bc-4572-b345-a19e81b57dbb}*SharedItemsImports = 4
		src\Shared\Shared.projitems*{494e4e72-dc3a-4691-93b9-3245a6825b0a}*SharedItemsImports = 4
		src\StudioPseudoMaker.Core\Core.StudioPseudoMaker.projitems*{494e4e72-dc3a-4691-93b9-3245a6825b0a}*SharedItemsImports = 4
		src\StudioVoiceControl.Core\Core.StudioVoiceControl\Core.StudioVoiceControl.projitems*{5c4142c8-54f4-471a-98e9-0f44e0c5f37f}*SharedItemsImports = 13
		src\ProjectorUtils.Core\ProjectorUtils.Core.projitems*{5eacf7ac-4989-4bde-ab51-d3822f9a4ced}*SharedItemsImports = 4
		src\Shared\Shared.projitems*{5eacf7ac-4989-4bde-ab51-d3822f9a4ced}*SharedItemsImports = 4
		src\Shared\Shared.projitems*{67eb6bbb-d986-4784-9149-df5cc4f83f36}*SharedItemsImports = 4
		src\StudioVoiceControl.Core\Core.StudioVoiceControl\Core.StudioVoiceControl.projitems*{67eb6bbb-d986-4784-9149-df5cc4f83f36}*SharedItemsImports = 4
		src\ShadowColorSwapper.Core\ShadowColorSwapper.Core.projitems*{6d48f885-1d97-4e2a-b3c2-47ab5f8806cd}*SharedItemsImports = 13
		src\PostProcessingEffect.Core\Core.PostProcessingEffect.projitems*{731f6724-3e02-470c-aa72-0edf196bb0bc}*SharedItemsImports = 5
		src\Shared\Shared.projitems*{731f6724-3e02-470c-aa72-0edf196bb0bc}*SharedItemsImports = 5
		src\KKPRimController.Core\KKPRimController.Core.projitems*{73ced555-9406-453d-98f5-39ba332647a7}*SharedItemsImports = 4
		src\Shared\Shared.projitems*{73ced555-9406-453d-98f5-39ba332647a7}*SharedItemsImports = 4
		src\ProjectorUtils.Core\ProjectorUtils.Core.projitems*{7bb5565f-7eb2-45a7-ac8f-9dad225bc666}*SharedItemsImports = 4
		src\Shared\Shared.projitems*{7bb5565f-7eb2-45a7-ac8f-9dad225bc666}*SharedItemsImports = 4
		src\Shared\Shared.projitems*{841ffff7-1940-4b7b-b21f-83e2f16333d4}*SharedItemsImports = 13
		src\ProjectorUtils.Core\ProjectorUtils.Core.projitems*{85da0cd3-5f18-4bba-9427-a68db6ac958e}*SharedItemsImports = 4
		src\Shared\Shared.projitems*{85da0cd3-5f18-4bba-9427-a68db6ac958e}*SharedItemsImports = 4
		src\ShadowColorSwapper.Core\ShadowColorSwapper.Core.projitems*{9588e76a-723e-47be-8250-25e1e206634d}*SharedItemsImports = 4
		src\Shared\Shared.projitems*{9588e76a-723e-47be-8250-25e1e206634d}*SharedItemsImports = 4
		src\ButtPhysicsEditor.Core\ButtPhysicsEditor.Core.projitems*{996fcb01-1589-4d4c-b123-ba04cfa18547}*SharedItemsImports = 4
		src\Shared\Shared.projitems*{996fcb01-1589-4d4c-b123-ba04cfa18547}*SharedItemsImports = 4
		src\ProjectorUtils.Core\ProjectorUtils.Core.projitems*{b3df7e28-b2c1-41c7-8844-ec6b194bca08}*SharedItemsImports = 13
		src\PostProcessingEffect.Core\Core.PostProcessingEffect.projitems*{b46dbb11-bbb6-4152-b5b4-aea6b69f2ad7}*SharedItemsImports = 13
		src\KKPRimController.Core\KKPRimController.Core.projitems*{b98974d5-d331-4e2e-9498-a54dd706c4f2}*SharedItemsImports = 13
		src\SaveCameraObjectFov.Core\SaveCameraObjectFov.Core.projitems*{d14138e1-6593-4b53-872a-a1b3b6fd2b2b}*SharedItemsImports = 4
		src\Shared\Shared.projitems*{d14138e1-6593-4b53-872a-a1b3b6fd2b2b}*SharedItemsImports = 4
		src\SaveCameraObjectFov.Core\SaveCameraObjectFov.Core.projitems*{daf47fdd-df83-4a52-b198-0d097840d65f}*SharedItemsImports = 13
		src\Shared\Shared.projitems*{e2151100-2a2d-497f-a4ea-0d938fe630e0}*SharedItemsImports = 4
		src\StudioPseudoMaker.Core\Core.StudioPseudoMaker.projitems*{e2151100-2a2d-497f-a4ea-0d938fe630e0}*SharedItemsImports = 4
		src\SaveCameraObjectFov.Core\SaveCameraObjectFov.Core.projitems*{f113381a-aa2c-4aa9-8ee3-a7a01255a642}*SharedItemsImports = 4
		src\Shared\Shared.projitems*{f113381a-aa2c-4aa9-8ee3-a7a01255a642}*SharedItemsImports = 4
		src\ShadowColorSwapper.Core\ShadowColorSwapper.Core.projitems*{fa9b57e6-576d-4971-9147-1032d0150b0f}*SharedItemsImports = 4
		src\Shared\Shared.projitems*{fa9b57e6-576d-4971-9147-1032d0150b0f}*SharedItemsImports = 4
		src\KKPRimController.Core\KKPRimController.Core.projitems*{ff395052-c2b4-4555-b335-5c71a7cde58d}*SharedItemsImports = 4
		src\Shared\Shared.projitems*{ff395052-c2b4-4555-b335-5c71a7cde58d}*SharedItemsImports = 4
	EndGlobalSection
EndGlobal
